// !$*UTF8*$!
{
	archiveVersion = 1;
	classes = {
	};
	objectVersion = 44;
	objects = {

/* Begin PBXBuildFile section */
		401C550D10FCDC0100E16C96 /* StatusChange.m in Sources */ = {isa = PBXBuildFile; fileRef = 401C550C10FCDC0100E16C96 /* StatusChange.m */; };
		401C556810FDFC0400E16C96 /* StatusController.m in Sources */ = {isa = PBXBuildFile; fileRef = 401C556710FDFC0400E16C96 /* StatusController.m */; };
		401C575B10FFB9A800E16C96 /* PreferencesController.m in Sources */ = {isa = PBXBuildFile; fileRef = 401C575A10FFB9A800E16C96 /* PreferencesController.m */; };
		401C58811100854200E16C96 /* RevealInICal.scpt in Resources */ = {isa = PBXBuildFile; fileRef = 401C58451100809C00E16C96 /* RevealInICal.scpt */; };
		401C58A611008EAB00E16C96 /* NSAppleScript+TaskScheduler.m in Sources */ = {isa = PBXBuildFile; fileRef = 401C58A511008EAB00E16C96 /* NSAppleScript+TaskScheduler.m */; };
		401C596E1103737F00E16C96 /* TaskCell.m in Sources */ = {isa = PBXBuildFile; fileRef = 401C596D1103737F00E16C96 /* TaskCell.m */; };
		401C5ACD1109FA8500E16C96 /* NSMutableAttributedString+TaskScheduler.m in Sources */ = {isa = PBXBuildFile; fileRef = 401C5ACC1109FA8500E16C96 /* NSMutableAttributedString+TaskScheduler.m */; };
		401C5C0F110B6D7A00E16C96 /* NSArrayController+TaskScheduler.m in Sources */ = {isa = PBXBuildFile; fileRef = 401C5C0E110B6D7A00E16C96 /* NSArrayController+TaskScheduler.m */; };
		403F014710C5728B000185A8 /* TodoList.xcdatamodel in Sources */ = {isa = PBXBuildFile; fileRef = 403F014610C5728B000185A8 /* TodoList.xcdatamodel */; };
		408C7AC310EE448F006C7B60 /* ICalController.m in Sources */ = {isa = PBXBuildFile; fileRef = 408C7AC210EE448F006C7B60 /* ICalController.m */; };
		408C7AE910EE63C3006C7B60 /* CalendarStore.framework in Frameworks */ = {isa = PBXBuildFile; fileRef = 408C7AE810EE63C3006C7B60 /* CalendarStore.framework */; };
		4098FAF310F1174C00150AE3 /* Task.m in Sources */ = {isa = PBXBuildFile; fileRef = 4098FAF210F1174C00150AE3 /* Task.m */; };
		4098FE3310F4CB1C00150AE3 /* SetToArrayTransformer.m in Sources */ = {isa = PBXBuildFile; fileRef = 4098FE3210F4CB1C00150AE3 /* SetToArrayTransformer.m */; };
		4098FF2310F4E42300150AE3 /* DurationFormatter.m in Sources */ = {isa = PBXBuildFile; fileRef = 4098FF2210F4E42300150AE3 /* DurationFormatter.m */; };
		409D6BE010DEBC8D00E9E21D /* AwesomeDateFormatter.m in Sources */ = {isa = PBXBuildFile; fileRef = 409D6BDF10DEBC8D00E9E21D /* AwesomeDateFormatter.m */; };
		40B1BD03112C8BC500E4252C /* warningIcon.png in Resources */ = {isa = PBXBuildFile; fileRef = 40B1BD02112C8BC500E4252C /* warningIcon.png */; };
		40B1BD791131530800E4252C /* URL.m in Sources */ = {isa = PBXBuildFile; fileRef = 40B1BD781131530800E4252C /* URL.m */; };
		40B1BD7E1131538D00E4252C /* URLController.m in Sources */ = {isa = PBXBuildFile; fileRef = 40B1BD7D1131538D00E4252C /* URLController.m */; };
		40B1BD831131548600E4252C /* URLProvider.m in Sources */ = {isa = PBXBuildFile; fileRef = 40B1BD821131548600E4252C /* URLProvider.m */; };
		40B1BD881131557C00E4252C /* PlainURLProvider.m in Sources */ = {isa = PBXBuildFile; fileRef = 40B1BD871131557C00E4252C /* PlainURLProvider.m */; };
		40D64BC310CBFA2E00153F26 /* InfoPanelController.m in Sources */ = {isa = PBXBuildFile; fileRef = 40D64BC210CBFA2E00153F26 /* InfoPanelController.m */; };
		40D64C2610CBFFE800153F26 /* TaskWindowController.m in Sources */ = {isa = PBXBuildFile; fileRef = 40D64C2510CBFFE800153F26 /* TaskWindowController.m */; };
		77C8280E06725ACE000B614F /* TaskScheduler_AppDelegate.m in Sources */ = {isa = PBXBuildFile; fileRef = 77C8280C06725ACE000B614F /* TaskScheduler_AppDelegate.m */; };
		8D11072A0486CEB800E47090 /* MainMenu.nib in Resources */ = {isa = PBXBuildFile; fileRef = 29B97318FDCFA39411CA2CEA /* MainMenu.nib */; };
		8D11072B0486CEB800E47090 /* InfoPlist.strings in Resources */ = {isa = PBXBuildFile; fileRef = 089C165CFE840E0CC02AAC07 /* InfoPlist.strings */; };
		8D11072D0486CEB800E47090 /* main.m in Sources */ = {isa = PBXBuildFile; fileRef = 29B97316FDCFA39411CA2CEA /* main.m */; settings = {ATTRIBUTES = (); }; };
		8D11072F0486CEB800E47090 /* Cocoa.framework in Frameworks */ = {isa = PBXBuildFile; fileRef = 1058C7A1FEA54F0111CA2CBB /* Cocoa.framework */; };
/* End PBXBuildFile section */

/* Begin PBXFileReference section */
		089C165DFE840E0CC02AAC07 /* English */ = {isa = PBXFileReference; fileEncoding = 10; lastKnownFileType = text.plist.strings; name = English; path = English.lproj/InfoPlist.strings; sourceTree = "<group>"; };
		1058C7A1FEA54F0111CA2CBB /* Cocoa.framework */ = {isa = PBXFileReference; lastKnownFileType = wrapper.framework; name = Cocoa.framework; path = /System/Library/Frameworks/Cocoa.framework; sourceTree = "<absolute>"; };
		29B97316FDCFA39411CA2CEA /* main.m */ = {isa = PBXFileReference; fileEncoding = 4; lastKnownFileType = sourcecode.c.objc; path = main.m; sourceTree = "<group>"; };
		29B97319FDCFA39411CA2CEA /* English */ = {isa = PBXFileReference; lastKnownFileType = wrapper.nib; name = English; path = English.lproj/MainMenu.nib; sourceTree = "<group>"; };
		29B97324FDCFA39411CA2CEA /* AppKit.framework */ = {isa = PBXFileReference; lastKnownFileType = wrapper.framework; name = AppKit.framework; path = /System/Library/Frameworks/AppKit.framework; sourceTree = "<absolute>"; };
		29B97325FDCFA39411CA2CEA /* Foundation.framework */ = {isa = PBXFileReference; lastKnownFileType = wrapper.framework; name = Foundation.framework; path = /System/Library/Frameworks/Foundation.framework; sourceTree = "<absolute>"; };
		32CA4F630368D1EE00C91783 /* TaskScheduler_Prefix.pch */ = {isa = PBXFileReference; fileEncoding = 4; lastKnownFileType = sourcecode.c.h; path = TaskScheduler_Prefix.pch; sourceTree = "<group>"; };
		401C550B10FCDC0000E16C96 /* StatusChange.h */ = {isa = PBXFileReference; fileEncoding = 4; lastKnownFileType = sourcecode.c.h; path = StatusChange.h; sourceTree = "<group>"; };
		401C550C10FCDC0100E16C96 /* StatusChange.m */ = {isa = PBXFileReference; fileEncoding = 4; lastKnownFileType = sourcecode.c.objc; path = StatusChange.m; sourceTree = "<group>"; };
		401C556610FDFC0400E16C96 /* StatusController.h */ = {isa = PBXFileReference; fileEncoding = 4; lastKnownFileType = sourcecode.c.h; path = StatusController.h; sourceTree = "<group>"; };
		401C556710FDFC0400E16C96 /* StatusController.m */ = {isa = PBXFileReference; fileEncoding = 4; lastKnownFileType = sourcecode.c.objc; path = StatusController.m; sourceTree = "<group>"; };
		401C575910FFB9A800E16C96 /* PreferencesController.h */ = {isa = PBXFileReference; fileEncoding = 4; lastKnownFileType = sourcecode.c.h; path = PreferencesController.h; sourceTree = "<group>"; };
		401C575A10FFB9A800E16C96 /* PreferencesController.m */ = {isa = PBXFileReference; fileEncoding = 4; lastKnownFileType = sourcecode.c.objc; path = PreferencesController.m; sourceTree = "<group>"; };
		401C58451100809C00E16C96 /* RevealInICal.scpt */ = {isa = PBXFileReference; fileEncoding = 4; lastKnownFileType = sourcecode.scpt; path = RevealInICal.scpt; sourceTree = "<group>"; };
		401C58A411008EAB00E16C96 /* NSAppleScript+TaskScheduler.h */ = {isa = PBXFileReference; fileEncoding = 4; lastKnownFileType = sourcecode.c.h; path = "NSAppleScript+TaskScheduler.h"; sourceTree = "<group>"; };
		401C58A511008EAB00E16C96 /* NSAppleScript+TaskScheduler.m */ = {isa = PBXFileReference; fileEncoding = 4; lastKnownFileType = sourcecode.c.objc; path = "NSAppleScript+TaskScheduler.m"; sourceTree = "<group>"; };
		401C596C1103737F00E16C96 /* TaskCell.h */ = {isa = PBXFileReference; fileEncoding = 4; lastKnownFileType = sourcecode.c.h; path = TaskCell.h; sourceTree = "<group>"; };
		401C596D1103737F00E16C96 /* TaskCell.m */ = {isa = PBXFileReference; fileEncoding = 4; lastKnownFileType = sourcecode.c.objc; path = TaskCell.m; sourceTree = "<group>"; };
		401C5ACB1109FA8500E16C96 /* NSMutableAttributedString+TaskScheduler.h */ = {isa = PBXFileReference; fileEncoding = 4; lastKnownFileType = sourcecode.c.h; path = "NSMutableAttributedString+TaskScheduler.h"; sourceTree = "<group>"; };
		401C5ACC1109FA8500E16C96 /* NSMutableAttributedString+TaskScheduler.m */ = {isa = PBXFileReference; fileEncoding = 4; lastKnownFileType = sourcecode.c.objc; path = "NSMutableAttributedString+TaskScheduler.m"; sourceTree = "<group>"; };
		401C5C0D110B6D7900E16C96 /* NSArrayController+TaskScheduler.h */ = {isa = PBXFileReference; fileEncoding = 4; lastKnownFileType = sourcecode.c.h; path = "NSArrayController+TaskScheduler.h"; sourceTree = "<group>"; };
		401C5C0E110B6D7A00E16C96 /* NSArrayController+TaskScheduler.m */ = {isa = PBXFileReference; fileEncoding = 4; lastKnownFileType = sourcecode.c.objc; path = "NSArrayController+TaskScheduler.m"; sourceTree = "<group>"; };
		403F014610C5728B000185A8 /* TodoList.xcdatamodel */ = {isa = PBXFileReference; fileEncoding = 4; lastKnownFileType = wrapper.xcdatamodel; path = TodoList.xcdatamodel; sourceTree = "<group>"; };
		408C7AC110EE448F006C7B60 /* ICalController.h */ = {isa = PBXFileReference; fileEncoding = 4; lastKnownFileType = sourcecode.c.h; path = ICalController.h; sourceTree = "<group>"; };
		408C7AC210EE448F006C7B60 /* ICalController.m */ = {isa = PBXFileReference; fileEncoding = 4; lastKnownFileType = sourcecode.c.objc; path = ICalController.m; sourceTree = "<group>"; };
		408C7AE810EE63C3006C7B60 /* CalendarStore.framework */ = {isa = PBXFileReference; lastKnownFileType = wrapper.framework; name = CalendarStore.framework; path = /System/Library/Frameworks/CalendarStore.framework; sourceTree = "<absolute>"; };
		4098FAF110F1174C00150AE3 /* Task.h */ = {isa = PBXFileReference; fileEncoding = 4; lastKnownFileType = sourcecode.c.h; path = Task.h; sourceTree = "<group>"; };
		4098FAF210F1174C00150AE3 /* Task.m */ = {isa = PBXFileReference; fileEncoding = 4; lastKnownFileType = sourcecode.c.objc; path = Task.m; sourceTree = "<group>"; };
		4098FE3110F4CB1C00150AE3 /* SetToArrayTransformer.h */ = {isa = PBXFileReference; fileEncoding = 4; lastKnownFileType = sourcecode.c.h; path = SetToArrayTransformer.h; sourceTree = "<group>"; };
		4098FE3210F4CB1C00150AE3 /* SetToArrayTransformer.m */ = {isa = PBXFileReference; fileEncoding = 4; lastKnownFileType = sourcecode.c.objc; path = SetToArrayTransformer.m; sourceTree = "<group>"; };
		4098FF2110F4E42300150AE3 /* DurationFormatter.h */ = {isa = PBXFileReference; fileEncoding = 4; lastKnownFileType = sourcecode.c.h; path = DurationFormatter.h; sourceTree = "<group>"; };
		4098FF2210F4E42300150AE3 /* DurationFormatter.m */ = {isa = PBXFileReference; fileEncoding = 4; lastKnownFileType = sourcecode.c.objc; path = DurationFormatter.m; sourceTree = "<group>"; };
		409D6BDE10DEBC8D00E9E21D /* AwesomeDateFormatter.h */ = {isa = PBXFileReference; fileEncoding = 4; lastKnownFileType = sourcecode.c.h; path = AwesomeDateFormatter.h; sourceTree = "<group>"; };
		409D6BDF10DEBC8D00E9E21D /* AwesomeDateFormatter.m */ = {isa = PBXFileReference; fileEncoding = 4; lastKnownFileType = sourcecode.c.objc; path = AwesomeDateFormatter.m; sourceTree = "<group>"; };
		40B1BD02112C8BC500E4252C /* warningIcon.png */ = {isa = PBXFileReference; lastKnownFileType = image.png; path = warningIcon.png; sourceTree = "<group>"; };
		40B1BD771131530800E4252C /* URL.h */ = {isa = PBXFileReference; fileEncoding = 4; lastKnownFileType = sourcecode.c.h; path = URL.h; sourceTree = "<group>"; };
		40B1BD781131530800E4252C /* URL.m */ = {isa = PBXFileReference; fileEncoding = 4; lastKnownFileType = sourcecode.c.objc; path = URL.m; sourceTree = "<group>"; };
		40B1BD7C1131538D00E4252C /* URLController.h */ = {isa = PBXFileReference; fileEncoding = 4; lastKnownFileType = sourcecode.c.h; path = URLController.h; sourceTree = "<group>"; };
		40B1BD7D1131538D00E4252C /* URLController.m */ = {isa = PBXFileReference; fileEncoding = 4; lastKnownFileType = sourcecode.c.objc; path = URLController.m; sourceTree = "<group>"; };
		40B1BD811131548600E4252C /* URLProvider.h */ = {isa = PBXFileReference; fileEncoding = 4; lastKnownFileType = sourcecode.c.h; path = URLProvider.h; sourceTree = "<group>"; };
		40B1BD821131548600E4252C /* URLProvider.m */ = {isa = PBXFileReference; fileEncoding = 4; lastKnownFileType = sourcecode.c.objc; path = URLProvider.m; sourceTree = "<group>"; };
		40B1BD861131557C00E4252C /* PlainURLProvider.h */ = {isa = PBXFileReference; fileEncoding = 4; lastKnownFileType = sourcecode.c.h; path = PlainURLProvider.h; sourceTree = "<group>"; };
		40B1BD871131557C00E4252C /* PlainURLProvider.m */ = {isa = PBXFileReference; fileEncoding = 4; lastKnownFileType = sourcecode.c.objc; path = PlainURLProvider.m; sourceTree = "<group>"; };
		40D64BC110CBFA2E00153F26 /* InfoPanelController.h */ = {isa = PBXFileReference; fileEncoding = 4; lastKnownFileType = sourcecode.c.h; path = InfoPanelController.h; sourceTree = "<group>"; };
		40D64BC210CBFA2E00153F26 /* InfoPanelController.m */ = {isa = PBXFileReference; fileEncoding = 4; lastKnownFileType = sourcecode.c.objc; path = InfoPanelController.m; sourceTree = "<group>"; };
		40D64C2410CBFFE800153F26 /* TaskWindowController.h */ = {isa = PBXFileReference; fileEncoding = 4; lastKnownFileType = sourcecode.c.h; path = TaskWindowController.h; sourceTree = "<group>"; };
		40D64C2510CBFFE800153F26 /* TaskWindowController.m */ = {isa = PBXFileReference; fileEncoding = 4; lastKnownFileType = sourcecode.c.objc; path = TaskWindowController.m; sourceTree = "<group>"; };
		77C82804067257F0000B614F /* CoreData.framework */ = {isa = PBXFileReference; lastKnownFileType = wrapper.framework; name = CoreData.framework; path = /System/Library/Frameworks/CoreData.framework; sourceTree = "<absolute>"; };
		77C8280B06725ACE000B614F /* TaskScheduler_AppDelegate.h */ = {isa = PBXFileReference; fileEncoding = 4; lastKnownFileType = sourcecode.c.h; path = TaskScheduler_AppDelegate.h; sourceTree = "<group>"; };
		77C8280C06725ACE000B614F /* TaskScheduler_AppDelegate.m */ = {isa = PBXFileReference; fileEncoding = 4; lastKnownFileType = sourcecode.c.objc; path = TaskScheduler_AppDelegate.m; sourceTree = "<group>"; };
		8D1107310486CEB800E47090 /* Info.plist */ = {isa = PBXFileReference; fileEncoding = 4; lastKnownFileType = text.plist; path = Info.plist; sourceTree = "<group>"; };
		8D1107320486CEB800E47090 /* TaskScheduler.app */ = {isa = PBXFileReference; explicitFileType = wrapper.application; includeInIndex = 0; path = TaskScheduler.app; sourceTree = BUILT_PRODUCTS_DIR; };
/* End PBXFileReference section */

/* Begin PBXFrameworksBuildPhase section */
		8D11072E0486CEB800E47090 /* Frameworks */ = {
			isa = PBXFrameworksBuildPhase;
			buildActionMask = 2147483647;
			files = (
				8D11072F0486CEB800E47090 /* Cocoa.framework in Frameworks */,
				408C7AE910EE63C3006C7B60 /* CalendarStore.framework in Frameworks */,
			);
			runOnlyForDeploymentPostprocessing = 0;
		};
/* End PBXFrameworksBuildPhase section */

/* Begin PBXGroup section */
		080E96DDFE201D6D7F000001 /* Classes */ = {
			isa = PBXGroup;
			children = (
				401C59631103728F00E16C96 /* Common */,
				401C59621103727A00E16C96 /* Model */,
				401C5966110372A200E16C96 /* View */,
				401C5967110372AE00E16C96 /* Controller */,
			);
			name = Classes;
			sourceTree = "<group>";
		};
		1058C7A0FEA54F0111CA2CBB /* Linked Frameworks */ = {
			isa = PBXGroup;
			children = (
				1058C7A1FEA54F0111CA2CBB /* Cocoa.framework */,
				408C7AE810EE63C3006C7B60 /* CalendarStore.framework */,
			);
			name = "Linked Frameworks";
			sourceTree = "<group>";
		};
		1058C7A2FEA54F0111CA2CBB /* Other Frameworks */ = {
			isa = PBXGroup;
			children = (
				77C82804067257F0000B614F /* CoreData.framework */,
				29B97325FDCFA39411CA2CEA /* Foundation.framework */,
				29B97324FDCFA39411CA2CEA /* AppKit.framework */,
			);
			name = "Other Frameworks";
			sourceTree = "<group>";
		};
		19C28FACFE9D520D11CA2CBB /* Products */ = {
			isa = PBXGroup;
			children = (
				8D1107320486CEB800E47090 /* TaskScheduler.app */,
			);
			name = Products;
			sourceTree = "<group>";
		};
		29B97314FDCFA39411CA2CEA /* TaskScheduler */ = {
			isa = PBXGroup;
			children = (
				7756732906782D8800D1FEB8 /* Models */,
				080E96DDFE201D6D7F000001 /* Classes */,
				29B97315FDCFA39411CA2CEA /* Other Sources */,
				29B97317FDCFA39411CA2CEA /* Resources */,
				29B97323FDCFA39411CA2CEA /* Frameworks */,
				19C28FACFE9D520D11CA2CBB /* Products */,
			);
			name = TaskScheduler;
			sourceTree = "<group>";
		};
		29B97315FDCFA39411CA2CEA /* Other Sources */ = {
			isa = PBXGroup;
			children = (
				32CA4F630368D1EE00C91783 /* TaskScheduler_Prefix.pch */,
				29B97316FDCFA39411CA2CEA /* main.m */,
			);
			name = "Other Sources";
			sourceTree = "<group>";
		};
		29B97317FDCFA39411CA2CEA /* Resources */ = {
			isa = PBXGroup;
			children = (
				40B1BD02112C8BC500E4252C /* warningIcon.png */,
				401C58451100809C00E16C96 /* RevealInICal.scpt */,
				8D1107310486CEB800E47090 /* Info.plist */,
				089C165CFE840E0CC02AAC07 /* InfoPlist.strings */,
				29B97318FDCFA39411CA2CEA /* MainMenu.nib */,
			);
			name = Resources;
			sourceTree = "<group>";
		};
		29B97323FDCFA39411CA2CEA /* Frameworks */ = {
			isa = PBXGroup;
			children = (
				1058C7A0FEA54F0111CA2CBB /* Linked Frameworks */,
				1058C7A2FEA54F0111CA2CBB /* Other Frameworks */,
			);
			name = Frameworks;
			sourceTree = "<group>";
		};
		401C59621103727A00E16C96 /* Model */ = {
			isa = PBXGroup;
			children = (
				40B1BD771131530800E4252C /* URL.h */,
				40B1BD781131530800E4252C /* URL.m */,
				401C550B10FCDC0000E16C96 /* StatusChange.h */,
				401C550C10FCDC0100E16C96 /* StatusChange.m */,
				4098FAF110F1174C00150AE3 /* Task.h */,
				4098FAF210F1174C00150AE3 /* Task.m */,
			);
			name = Model;
			sourceTree = "<group>";
		};
		401C59631103728F00E16C96 /* Common */ = {
			isa = PBXGroup;
			children = (
				401C5C0D110B6D7900E16C96 /* NSArrayController+TaskScheduler.h */,
				401C5C0E110B6D7A00E16C96 /* NSArrayController+TaskScheduler.m */,
				401C5ACB1109FA8500E16C96 /* NSMutableAttributedString+TaskScheduler.h */,
				401C5ACC1109FA8500E16C96 /* NSMutableAttributedString+TaskScheduler.m */,
				401C58A411008EAB00E16C96 /* NSAppleScript+TaskScheduler.h */,
				401C58A511008EAB00E16C96 /* NSAppleScript+TaskScheduler.m */,
				4098FE3110F4CB1C00150AE3 /* SetToArrayTransformer.h */,
				4098FE3210F4CB1C00150AE3 /* SetToArrayTransformer.m */,
				4098FF2110F4E42300150AE3 /* DurationFormatter.h */,
				4098FF2210F4E42300150AE3 /* DurationFormatter.m */,
				409D6BDE10DEBC8D00E9E21D /* AwesomeDateFormatter.h */,
				409D6BDF10DEBC8D00E9E21D /* AwesomeDateFormatter.m */,
			);
			name = Common;
			sourceTree = "<group>";
		};
		401C5966110372A200E16C96 /* View */ = {
			isa = PBXGroup;
			children = (
				401C596C1103737F00E16C96 /* TaskCell.h */,
				401C596D1103737F00E16C96 /* TaskCell.m */,
			);
			name = View;
			sourceTree = "<group>";
		};
		401C5967110372AE00E16C96 /* Controller */ = {
			isa = PBXGroup;
			children = (
				40B1BD811131548600E4252C /* URLProvider.h */,
				40B1BD821131548600E4252C /* URLProvider.m */,
				40B1BD861131557C00E4252C /* PlainURLProvider.h */,
				40B1BD871131557C00E4252C /* PlainURLProvider.m */,
				40B1BD7C1131538D00E4252C /* URLController.h */,
				40B1BD7D1131538D00E4252C /* URLController.m */,
				401C575910FFB9A800E16C96 /* PreferencesController.h */,
				401C575A10FFB9A800E16C96 /* PreferencesController.m */,
				40D64BC110CBFA2E00153F26 /* InfoPanelController.h */,
				40D64BC210CBFA2E00153F26 /* InfoPanelController.m */,
				77C8280B06725ACE000B614F /* TaskScheduler_AppDelegate.h */,
				77C8280C06725ACE000B614F /* TaskScheduler_AppDelegate.m */,
				408C7AC110EE448F006C7B60 /* ICalController.h */,
				408C7AC210EE448F006C7B60 /* ICalController.m */,
				401C556610FDFC0400E16C96 /* StatusController.h */,
				401C556710FDFC0400E16C96 /* StatusController.m */,
				40D64C2410CBFFE800153F26 /* TaskWindowController.h */,
				40D64C2510CBFFE800153F26 /* TaskWindowController.m */,
			);
			name = Controller;
			sourceTree = "<group>";
		};
		7756732906782D8800D1FEB8 /* Models */ = {
			isa = PBXGroup;
			children = (
				403F014610C5728B000185A8 /* TodoList.xcdatamodel */,
			);
			name = Models;
			sourceTree = "<group>";
		};
/* End PBXGroup section */

/* Begin PBXNativeTarget section */
		8D1107260486CEB800E47090 /* TaskScheduler */ = {
			isa = PBXNativeTarget;
			buildConfigurationList = 26FC0A840875C7B200E6366F /* Build configuration list for PBXNativeTarget "TaskScheduler" */;
			buildPhases = (
				8D1107290486CEB800E47090 /* Resources */,
				8D11072C0486CEB800E47090 /* Sources */,
				8D11072E0486CEB800E47090 /* Frameworks */,
			);
			buildRules = (
			);
			dependencies = (
			);
			name = TaskScheduler;
			productInstallPath = "$(HOME)/Applications";
			productName = TaskScheduler;
			productReference = 8D1107320486CEB800E47090 /* TaskScheduler.app */;
			productType = "com.apple.product-type.application";
		};
/* End PBXNativeTarget section */

/* Begin PBXProject section */
		29B97313FDCFA39411CA2CEA /* Project object */ = {
			isa = PBXProject;
			buildConfigurationList = 26FC0A880875C7B200E6366F /* Build configuration list for PBXProject "TaskScheduler" */;
			compatibilityVersion = "Xcode 3.0";
			hasScannedForEncodings = 1;
			mainGroup = 29B97314FDCFA39411CA2CEA /* TaskScheduler */;
			projectDirPath = "";
			projectRoot = "";
			targets = (
				8D1107260486CEB800E47090 /* TaskScheduler */,
			);
		};
/* End PBXProject section */

/* Begin PBXResourcesBuildPhase section */
		8D1107290486CEB800E47090 /* Resources */ = {
			isa = PBXResourcesBuildPhase;
			buildActionMask = 2147483647;
			files = (
				401C58811100854200E16C96 /* RevealInICal.scpt in Resources */,
				8D11072A0486CEB800E47090 /* MainMenu.nib in Resources */,
				8D11072B0486CEB800E47090 /* InfoPlist.strings in Resources */,
				40B1BD03112C8BC500E4252C /* warningIcon.png in Resources */,
			);
			runOnlyForDeploymentPostprocessing = 0;
		};
/* End PBXResourcesBuildPhase section */

/* Begin PBXSourcesBuildPhase section */
		8D11072C0486CEB800E47090 /* Sources */ = {
			isa = PBXSourcesBuildPhase;
			buildActionMask = 2147483647;
			files = (
				8D11072D0486CEB800E47090 /* main.m in Sources */,
				77C8280E06725ACE000B614F /* TaskScheduler_AppDelegate.m in Sources */,
				403F014710C5728B000185A8 /* TodoList.xcdatamodel in Sources */,
				40D64BC310CBFA2E00153F26 /* InfoPanelController.m in Sources */,
				40D64C2610CBFFE800153F26 /* TaskWindowController.m in Sources */,
				409D6BE010DEBC8D00E9E21D /* AwesomeDateFormatter.m in Sources */,
				408C7AC310EE448F006C7B60 /* ICalController.m in Sources */,
				4098FAF310F1174C00150AE3 /* Task.m in Sources */,
				4098FE3310F4CB1C00150AE3 /* SetToArrayTransformer.m in Sources */,
				4098FF2310F4E42300150AE3 /* DurationFormatter.m in Sources */,
				401C550D10FCDC0100E16C96 /* StatusChange.m in Sources */,
				401C556810FDFC0400E16C96 /* StatusController.m in Sources */,
				401C575B10FFB9A800E16C96 /* PreferencesController.m in Sources */,
				401C58A611008EAB00E16C96 /* NSAppleScript+TaskScheduler.m in Sources */,
				401C596E1103737F00E16C96 /* TaskCell.m in Sources */,
				401C5ACD1109FA8500E16C96 /* NSMutableAttributedString+TaskScheduler.m in Sources */,
				401C5C0F110B6D7A00E16C96 /* NSArrayController+TaskScheduler.m in Sources */,
				40B1BD791131530800E4252C /* URL.m in Sources */,
				40B1BD7E1131538D00E4252C /* URLController.m in Sources */,
				40B1BD831131548600E4252C /* URLProvider.m in Sources */,
				40B1BD881131557C00E4252C /* PlainURLProvider.m in Sources */,
			);
			runOnlyForDeploymentPostprocessing = 0;
		};
/* End PBXSourcesBuildPhase section */

/* Begin PBXVariantGroup section */
		089C165CFE840E0CC02AAC07 /* InfoPlist.strings */ = {
			isa = PBXVariantGroup;
			children = (
				089C165DFE840E0CC02AAC07 /* English */,
			);
			name = InfoPlist.strings;
			sourceTree = "<group>";
		};
		29B97318FDCFA39411CA2CEA /* MainMenu.nib */ = {
			isa = PBXVariantGroup;
			children = (
				29B97319FDCFA39411CA2CEA /* English */,
			);
			name = MainMenu.nib;
			sourceTree = "<group>";
		};
/* End PBXVariantGroup section */

/* Begin XCBuildConfiguration section */
		26FC0A850875C7B200E6366F /* Debug */ = {
			isa = XCBuildConfiguration;
			buildSettings = {
				COPY_PHASE_STRIP = NO;
				FRAMEWORK_SEARCH_PATHS = (
					"$(inherited)",
					"\"$(SRCROOT)\"",
				);
				GCC_DYNAMIC_NO_PIC = NO;
				GCC_ENABLE_FIX_AND_CONTINUE = YES;
				GCC_ENABLE_OBJC_EXCEPTIONS = YES;
				GCC_MODEL_TUNING = G5;
				GCC_OPTIMIZATION_LEVEL = 0;
				GCC_PRECOMPILE_PREFIX_HEADER = YES;
				GCC_PREFIX_HEADER = TaskScheduler_Prefix.pch;
				INFOPLIST_FILE = Info.plist;
				INSTALL_PATH = "$(HOME)/Applications";
				PRODUCT_NAME = TaskScheduler;
				WRAPPER_EXTENSION = app;
				ZERO_LINK = YES;
			};
			name = Debug;
		};
		26FC0A860875C7B200E6366F /* Release */ = {
			isa = XCBuildConfiguration;
			buildSettings = {
				DEBUG_INFORMATION_FORMAT = "dwarf-with-dsym";
				FRAMEWORK_SEARCH_PATHS = (
					"$(inherited)",
					"\"$(SRCROOT)\"",
				);
				GCC_ENABLE_OBJC_EXCEPTIONS = YES;
				GCC_MODEL_TUNING = G5;
				GCC_PRECOMPILE_PREFIX_HEADER = YES;
				GCC_PREFIX_HEADER = TaskScheduler_Prefix.pch;
				INFOPLIST_FILE = Info.plist;
				INSTALL_PATH = "$(HOME)/Applications";
				PRODUCT_NAME = TaskScheduler;
				WRAPPER_EXTENSION = app;
			};
			name = Release;
		};
		26FC0A890875C7B200E6366F /* Debug */ = {
			isa = XCBuildConfiguration;
			buildSettings = {
				GCC_WARN_ABOUT_RETURN_TYPE = YES;
				GCC_WARN_UNUSED_VARIABLE = YES;
				PREBINDING = NO;
			};
			name = Debug;
		};
		26FC0A8A0875C7B200E6366F /* Release */ = {
			isa = XCBuildConfiguration;
			buildSettings = {
				ARCHS = (
					ppc,
					i386,
				);
				GCC_WARN_ABOUT_RETURN_TYPE = YES;
				GCC_WARN_UNUSED_VARIABLE = YES;
				PREBINDING = NO;
				SDKROOT = "$(DEVELOPER_SDK_DIR)/MacOSX10.5.sdk";
			};
			name = Release;
		};
/* End XCBuildConfiguration section */

/* Begin XCConfigurationList section */
		26FC0A840875C7B200E6366F /* Build configuration list for PBXNativeTarget "TaskScheduler" */ = {
			isa = XCConfigurationList;
			buildConfigurations = (
				26FC0A850875C7B200E6366F /* Debug */,
				26FC0A860875C7B200E6366F /* Release */,
			);
			defaultConfigurationIsVisible = 0;
			defaultConfigurationName = Release;
		};
		26FC0A880875C7B200E6366F /* Build configuration list for PBXProject "TaskScheduler" */ = {
			isa = XCConfigurationList;
			buildConfigurations = (
				26FC0A890875C7B200E6366F /* Debug */,
				26FC0A8A0875C7B200E6366F /* Release */,
			);
			defaultConfigurationIsVisible = 0;
			defaultConfigurationName = Release;
		};
/* End XCConfigurationList section */
	};
	rootObject = 29B97313FDCFA39411CA2CEA /* Project object */;
}
